<?xml version="1.0" encoding="utf-8"?>
<Project ToolsVersion="4.0" xmlns="http://schemas.microsoft.com/developer/msbuild/2003">
  <ItemGroup>
    <Filter Include="Source Files">
      <UniqueIdentifier>{4FC737F1-C7A5-4376-A066-2A32D752A2FF}</UniqueIdentifier>
      <Extensions>cpp;c;cc;cxx;c++;cppm;ixx;def;odl;idl;hpj;bat;asm;asmx</Extensions>
    </Filter>
    <Filter Include="Header Files">
      <UniqueIdentifier>{93995380-89BD-4b04-88EB-625FBE52EBFB}</UniqueIdentifier>
      <Extensions>h;hh;hpp;hxx;h++;hm;inl;inc;ipp;xsd</Extensions>
    </Filter>
    <Filter Include="Resource Files">
      <UniqueIdentifier>{67DA6AB6-F800-4c08-8B7A-83BB121AAD01}</UniqueIdentifier>
      <Extensions>rc;ico;cur;bmp;dlg;rc2;rct;bin;rgs;gif;jpg;jpeg;jpe;resx;tiff;tif;png;wav;mfcribbon-ms</Extensions>
    </Filter>
    <Filter Include="Source Files\3. Array ADT">
      <UniqueIdentifier>{e51d20ce-a425-4d98-a0a4-0e7b9dd48c81}</UniqueIdentifier>
    </Filter>
    <Filter Include="Source Files\4. Strings">
      <UniqueIdentifier>{1f46af42-11bc-4789-b444-fec83f8cf6a3}</UniqueIdentifier>
    </Filter>
    <Filter Include="Source Files\5. Matrices">
      <UniqueIdentifier>{93b9c96c-079c-4fb9-89a6-80b40acd0e0f}</UniqueIdentifier>
    </Filter>
    <Filter Include="Source Files\5.2 Polynomial">
      <UniqueIdentifier>{2778fe0c-c3d6-4e7d-af48-e3514ddb4af1}</UniqueIdentifier>
    </Filter>
    <Filter Include="Source Files\6. LinkedList">
      <UniqueIdentifier>{d4d6e269-6ce7-49e1-aa31-776787738a0f}</UniqueIdentifier>
    </Filter>
    <Filter Include="Source Files\8. Stack">
      <UniqueIdentifier>{2339892f-fc71-4b28-89a9-2b8bed0074aa}</UniqueIdentifier>
    </Filter>
    <Filter Include="Source Files\7. SparseMatrix and Polynomial LL">
      <UniqueIdentifier>{db545878-eb56-4d32-bfc8-63d934f36ebf}</UniqueIdentifier>
    </Filter>
    <Filter Include="Source Files\9. Queue">
      <UniqueIdentifier>{f0c21a74-3850-4d64-b34e-bdd62ff920f4}</UniqueIdentifier>
    </Filter>
    <Filter Include="Source Files\10. Trees">
      <UniqueIdentifier>{f2f7d259-9f69-44a3-8372-3bd7b301438d}</UniqueIdentifier>
    </Filter>
    <Filter Include="Source Files\11. Binary Search Trees">
      <UniqueIdentifier>{71636e63-de61-4f54-870b-01805ef47369}</UniqueIdentifier>
    </Filter>
    <Filter Include="Source Files\12. AVL Trees">
      <UniqueIdentifier>{625aa072-392f-413b-98f6-db8eeea9830d}</UniqueIdentifier>
    </Filter>
    <Filter Include="Source Files\13. Search Trees">
      <UniqueIdentifier>{4d3075a7-bfa2-4cee-a209-467151d3cd84}</UniqueIdentifier>
    </Filter>
    <Filter Include="Source Files\14. HEAP">
      <UniqueIdentifier>{46f31cbb-c698-4665-852a-e5b444bbfb4d}</UniqueIdentifier>
    </Filter>
    <Filter Include="Source Files\15. Sorting">
      <UniqueIdentifier>{3ea7111f-e713-4c7c-937c-7dd9f8e2add5}</UniqueIdentifier>
    </Filter>
    <Filter Include="Source Files\16. Hashing">
      <UniqueIdentifier>{7dfb6bdf-3f78-476a-b811-f3694c732fdc}</UniqueIdentifier>
    </Filter>
  </ItemGroup>
  <ItemGroup>
    <ClCompile Include="PracticeAbdulBari.cpp">
      <Filter>Source Files</Filter>
    </ClCompile>
    <ClCompile Include="1.cpp">
      <Filter>Source Files</Filter>
    </ClCompile>
    <ClCompile Include="2.cpp">
      <Filter>Source Files</Filter>
    </ClCompile>
    <ClCompile Include="3TreeRecrrsion.cpp">
      <Filter>Source Files</Filter>
    </ClCompile>
    <ClCompile Include="4IndirectRecursion.cpp">
      <Filter>Source Files</Filter>
    </ClCompile>
    <ClCompile Include="5NestedRecursion.cpp">
      <Filter>Source Files</Filter>
    </ClCompile>
    <ClCompile Include="6SumofFirstNnumber.cpp">
      <Filter>Source Files</Filter>
    </ClCompile>
    <ClCompile Include="7factorialRecursion.cpp">
      <Filter>Source Files</Filter>
    </ClCompile>
    <ClCompile Include="8ExponenetRecursion.cpp">
      <Filter>Source Files</Filter>
    </ClCompile>
    <ClCompile Include="9TaylorSeriesRecursion.cpp">
      <Filter>Source Files</Filter>
    </ClCompile>
    <ClCompile Include="10FibonacciRecursion.cpp">
      <Filter>Source Files</Filter>
    </ClCompile>
    <ClCompile Include="11CombinationRecursion.cpp">
      <Filter>Source Files</Filter>
    </ClCompile>
    <ClCompile Include="12TowerofHanoiRecursion.cpp">
      <Filter>Source Files</Filter>
    </ClCompile>
    <ClCompile Include="13DynamicArrays.cpp">
      <Filter>Source Files</Filter>
    </ClCompile>
    <ClCompile Include="14Arrays2D.cpp">
      <Filter>Source Files</Filter>
    </ClCompile>
    <ClCompile Include="3.1-arrayoperations.cpp">
      <Filter>Source Files\3. Array ADT</Filter>
    </ClCompile>
    <ClCompile Include="ConvertedtoC++.cpp">
      <Filter>Source Files\3. Array ADT</Filter>
    </ClCompile>
    <ClCompile Include="ArrayClass.cpp">
      <Filter>Source Files\3. Array ADT</Filter>
    </ClCompile>
    <ClCompile Include="singleMissingElemSortedArray.cpp">
      <Filter>Source Files\3. Array ADT</Filter>
    </ClCompile>
    <ClCompile Include="singlemissingbutnotNaturalnumfrom1.cpp">
      <Filter>Source Files\3. Array ADT</Filter>
    </ClCompile>
    <ClCompile Include="MultipleMissingSortedArray.cpp">
      <Filter>Source Files\3. Array ADT</Filter>
    </ClCompile>
    <ClCompile Include="MissingElemInUnsortedArray.cpp">
      <Filter>Source Files\3. Array ADT</Filter>
    </ClCompile>
    <ClCompile Include="CountingDuplicateSOrted.cpp">
      <Filter>Source Files\3. Array ADT</Filter>
    </ClCompile>
    <ClCompile Include="DuplicateusingHashTable.cpp">
      <Filter>Source Files\3. Array ADT</Filter>
    </ClCompile>
    <ClCompile Include="CountingDuplicatesUnsortedArray.cpp">
      <Filter>Source Files\3. Array ADT</Filter>
    </ClCompile>
    <ClCompile Include="PairofElementsgivenSum.cpp">
      <Filter>Source Files\3. Array ADT</Filter>
    </ClCompile>
    <ClCompile Include="PairofElemetsSortedArray.cpp">
      <Filter>Source Files\3. Array ADT</Filter>
    </ClCompile>
    <ClCompile Include="MinAndMaxinSingleScan.cpp">
      <Filter>Source Files\3. Array ADT</Filter>
    </ClCompile>
    <ClCompile Include="StringLength.cpp">
      <Filter>Source Files\4. Strings</Filter>
    </ClCompile>
    <ClCompile Include="testing.c">
      <Filter>Source Files\4. Strings</Filter>
    </ClCompile>
    <ClCompile Include="UppercasetoLowercase.cpp">
      <Filter>Source Files\4. Strings</Filter>
    </ClCompile>
    <ClCompile Include="VowelsAndWords.cpp">
      <Filter>Source Files\4. Strings</Filter>
    </ClCompile>
    <ClCompile Include="ValidatingString.cpp">
      <Filter>Source Files\4. Strings</Filter>
    </ClCompile>
    <ClCompile Include="reversingString.cpp">
      <Filter>Source Files\4. Strings</Filter>
    </ClCompile>
    <ClCompile Include="ComparingString.cpp">
      <Filter>Source Files\4. Strings</Filter>
    </ClCompile>
    <ClCompile Include="PalindromeString.cpp">
      <Filter>Source Files\4. Strings</Filter>
    </ClCompile>
    <ClCompile Include="findingDuplicateInString.cpp">
      <Filter>Source Files\4. Strings</Filter>
    </ClCompile>
    <ClCompile Include="FindingDuplicatesUsingBitwise.cpp">
      <Filter>Source Files\4. Strings</Filter>
    </ClCompile>
    <ClCompile Include="CheckingAnagrams.cpp">
      <Filter>Source Files\4. Strings</Filter>
    </ClCompile>
    <ClCompile Include="StringPermutation.cpp">
      <Filter>Source Files\4. Strings</Filter>
    </ClCompile>
    <ClCompile Include="SwapMethodPermutationofStrings.cpp">
      <Filter>Source Files\4. Strings</Filter>
    </ClCompile>
    <ClCompile Include="DiagonalMatrix.cpp">
      <Filter>Source Files\5. Matrices</Filter>
    </ClCompile>
    <ClCompile Include="DiagonalMatrixusingCPP.cpp">
      <Filter>Source Files\5. Matrices</Filter>
    </ClCompile>
    <ClCompile Include="LowerTriangularMatrixRowMajor.cpp">
      <Filter>Source Files\5. Matrices</Filter>
    </ClCompile>
    <ClCompile Include="UpperTriangularMatrixColumnMajor.cpp">
      <Filter>Source Files\5. Matrices</Filter>
    </ClCompile>
    <ClCompile Include="MenuDrivenAllMatrixes.cpp">
      <Filter>Source Files\5. Matrices</Filter>
    </ClCompile>
    <ClCompile Include="SparseMatrix.cpp">
      <Filter>Source Files\5. Matrices</Filter>
    </ClCompile>
    <ClCompile Include="SparseAddition.cpp">
      <Filter>Source Files\5. Matrices</Filter>
    </ClCompile>
    <ClCompile Include="SparseMatrixAdditionusingOperatoroverloadingInpOutStream.cpp">
      <Filter>Source Files\5. Matrices</Filter>
    </ClCompile>
    <ClCompile Include="PolynomialRepAdd.cpp">
      <Filter>Source Files\5.2 Polynomial</Filter>
    </ClCompile>
    <ClCompile Include="practiceCp.cpp">
      <Filter>Source Files</Filter>
    </ClCompile>
    <ClCompile Include="MakingFirstLinkedList.cpp">
      <Filter>Source Files\6. LinkedList</Filter>
    </ClCompile>
    <ClCompile Include="LinkedListUsingRecursionAndOperations.cpp">
      <Filter>Source Files\6. LinkedList</Filter>
    </ClCompile>
    <ClCompile Include="InsertNodeInSortedList.cpp">
      <Filter>Source Files\6. LinkedList</Filter>
    </ClCompile>
    <ClCompile Include="MergingTwolikedlist.cpp">
      <Filter>Source Files\6. LinkedList</Filter>
    </ClCompile>
    <ClCompile Include="checkLoopLinkedlist.cpp">
      <Filter>Source Files\6. LinkedList</Filter>
    </ClCompile>
    <ClCompile Include="CircularLinkedlist.cpp">
      <Filter>Source Files\6. LinkedList</Filter>
    </ClCompile>
    <ClCompile Include="DoublyLinkedlist.cpp">
      <Filter>Source Files\6. LinkedList</Filter>
    </ClCompile>
    <ClCompile Include="FindingMiddleelementLL.cpp">
      <Filter>Source Files\6. LinkedList</Filter>
    </ClCompile>
    <ClCompile Include="FindingIntersectionfoTwoLL.cpp">
      <Filter>Source Files\6. LinkedList</Filter>
    </ClCompile>
    <ClCompile Include="sparseMatrixUsingLL.cpp">
      <Filter>Source Files\7. SparseMatrix and Polynomial LL</Filter>
    </ClCompile>
    <ClCompile Include="PolynomialUsingLL.cpp">
      <Filter>Source Files\7. SparseMatrix and Polynomial LL</Filter>
    </ClCompile>
    <ClCompile Include="ArrayStackandOperations.cpp">
      <Filter>Source Files\8. Stack</Filter>
    </ClCompile>
    <ClCompile Include="LLStackandOperations.cpp">
      <Filter>Source Files\8. Stack</Filter>
    </ClCompile>
    <ClCompile Include="ProperCppforStackwithLL.cpp">
      <Filter>Source Files\8. Stack</Filter>
    </ClCompile>
    <ClCompile Include="ParathesisMatchingStack.cpp">
      <Filter>Source Files\8. Stack</Filter>
    </ClCompile>
    <ClCompile Include="SirsLogicParanthesis.cpp">
      <Filter>Source Files\8. Stack</Filter>
    </ClCompile>
    <ClCompile Include="DiffParanthesisStack.cpp">
      <Filter>Source Files\8. Stack</Filter>
    </ClCompile>
    <ClCompile Include="InfixtoPostfixStack.cpp">
      <Filter>Source Files\8. Stack</Filter>
    </ClCompile>
    <ClCompile Include="InfixToPostfixWithR-Loperators.cpp">
      <Filter>Source Files\8. Stack</Filter>
    </ClCompile>
    <ClCompile Include="PostfixEvaluationStack.cpp">
      <Filter>Source Files\8. Stack</Filter>
    </ClCompile>
    <ClCompile Include="sirMethodPostfixEvaluation.cpp">
      <Filter>Source Files\8. Stack</Filter>
    </ClCompile>
    <ClCompile Include="QueueandOperationsArray.cpp">
      <Filter>Source Files\9. Queue</Filter>
    </ClCompile>
    <ClCompile Include="CircularQueueUsingArray.cpp">
      <Filter>Source Files\9. Queue</Filter>
    </ClCompile>
    <ClCompile Include="QueueUsingLinkedlist.cpp">
      <Filter>Source Files\9. Queue</Filter>
    </ClCompile>
    <ClCompile Include="DoublyEndedQueue.cpp">
      <Filter>Source Files\9. Queue</Filter>
    </ClCompile>
    <ClCompile Include="MakingTreeWithC.cpp">
      <Filter>Source Files\10. Trees</Filter>
    </ClCompile>
    <ClCompile Include="TreeWithArrayQueue.cpp">
      <Filter>Source Files\10. Trees</Filter>
    </ClCompile>
    <ClCompile Include="IterativeTraversalsTree.cpp">
      <Filter>Source Files\10. Trees</Filter>
    </ClCompile>
    <ClCompile Include="MakingTreeWithTraversals.cpp">
      <Filter>Source Files\10. Trees</Filter>
    </ClCompile>
    <ClCompile Include="TreeWIthALLOperations.cpp">
      <Filter>Source Files\10. Trees</Filter>
    </ClCompile>
    <ClCompile Include="MakingBST.cpp">
      <Filter>Source Files\11. Binary Search Trees</Filter>
    </ClCompile>
    <ClCompile Include="BSTfromTraversals.cpp">
      <Filter>Source Files\11. Binary Search Trees</Filter>
    </ClCompile>
    <ClCompile Include="LL_RotationAvlTree.cpp">
      <Filter>Source Files\12. AVL Trees</Filter>
    </ClCompile>
    <ClCompile Include="HeapAndAllFunctions.cpp">
      <Filter>Source Files\14. HEAP</Filter>
    </ClCompile>
    <ClCompile Include="HeapWithC.cpp">
      <Filter>Source Files\14. HEAP</Filter>
    </ClCompile>
    <ClCompile Include="bubblesort.cpp">
      <Filter>Source Files\15. Sorting</Filter>
    </ClCompile>
    <ClCompile Include="InsertionSort.cpp">
      <Filter>Source Files\15. Sorting</Filter>
    </ClCompile>
    <ClCompile Include="SelectionSort.cpp">
      <Filter>Source Files\15. Sorting</Filter>
    </ClCompile>
    <ClCompile Include="QuickSort.cpp">
      <Filter>Source Files\15. Sorting</Filter>
    </ClCompile>
    <ClCompile Include="MergeSortIterative.cpp">
      <Filter>Source Files\15. Sorting</Filter>
    </ClCompile>
    <ClCompile Include="CountSort.cpp">
      <Filter>Source Files\15. Sorting</Filter>
    </ClCompile>
    <ClCompile Include="BinBucketSort.cpp">
      <Filter>Source Files\15. Sorting</Filter>
    </ClCompile>
    <ClCompile Include="RadixSort.cpp">
      <Filter>Source Files\15. Sorting</Filter>
    </ClCompile>
    <ClCompile Include="ShellSort.cpp">
      <Filter>Source Files\15. Sorting</Filter>
    </ClCompile>
    <ClCompile Include="ChainHashing.cpp">
      <Filter>Source Files\16. Hashing</Filter>
    </ClCompile>
    <ClCompile Include="LinearProbing.cpp">
      <Filter>Source Files\16. Hashing</Filter>
    </ClCompile>
  </ItemGroup>
</Project>